// !$*UTF8*$!
{
	archiveVersion = 1;
	classes = {
	};
	objectVersion = 46;
	objects = {

/* Begin PBXAggregateTarget section */
		"CodeWriter::CodeWriterPackageTests::ProductTarget" /* CodeWriterPackageTests */ = {
			isa = PBXAggregateTarget;
			buildConfigurationList = OBJ_35 /* Build configuration list for PBXAggregateTarget "CodeWriterPackageTests" */;
			buildPhases = (
			);
			dependencies = (
				OBJ_38 /* PBXTargetDependency */,
			);
			name = CodeWriterPackageTests;
			productName = CodeWriterPackageTests;
		};
/* End PBXAggregateTarget section */

/* Begin PBXBuildFile section */
		OBJ_22 /* CodeBuilderTests.swift in Sources */ = {isa = PBXBuildFile; fileRef = OBJ_13 /* CodeBuilderTests.swift */; };
		OBJ_24 /* CodeWriter.framework in Frameworks */ = {isa = PBXBuildFile; fileRef = "CodeWriter::CodeWriter::Product" /* CodeWriter.framework */; };
		OBJ_31 /* CodeBuilder.swift in Sources */ = {isa = PBXBuildFile; fileRef = OBJ_9 /* CodeBuilder.swift */; };
		OBJ_32 /* CodeWriter.swift in Sources */ = {isa = PBXBuildFile; fileRef = OBJ_10 /* CodeWriter.swift */; };
/* End PBXBuildFile section */

/* Begin PBXContainerItemProxy section */
		A3E0F7491F443F0500E4CD58 /* PBXContainerItemProxy */ = {
			isa = PBXContainerItemProxy;
			containerPortal = OBJ_1 /* Project object */;
			proxyType = 1;
			remoteGlobalIDString = "CodeWriter::CodeWriter";
			remoteInfo = CodeWriter;
		};
		A3E0F74A1F443F0500E4CD58 /* PBXContainerItemProxy */ = {
			isa = PBXContainerItemProxy;
			containerPortal = OBJ_1 /* Project object */;
			proxyType = 1;
			remoteGlobalIDString = "CodeWriter::CodeWriterTests";
			remoteInfo = CodeWriterTests;
		};
/* End PBXContainerItemProxy section */

/* Begin PBXFileReference section */
		"CodeWriter::CodeWriter::Product" /* CodeWriter.framework */ = {isa = PBXFileReference; explicitFileType = wrapper.framework; path = CodeWriter.framework; sourceTree = BUILT_PRODUCTS_DIR; };
		"CodeWriter::CodeWriterTests::Product" /* CodeWriterTests.xctest */ = {isa = PBXFileReference; lastKnownFileType = file; path = CodeWriterTests.xctest; sourceTree = BUILT_PRODUCTS_DIR; };
		OBJ_10 /* CodeWriter.swift */ = {isa = PBXFileReference; lastKnownFileType = sourcecode.swift; path = CodeWriter.swift; sourceTree = "<group>"; };
		OBJ_13 /* CodeBuilderTests.swift */ = {isa = PBXFileReference; lastKnownFileType = sourcecode.swift; path = CodeBuilderTests.swift; sourceTree = "<group>"; };
		OBJ_6 /* Package.swift */ = {isa = PBXFileReference; explicitFileType = sourcecode.swift; path = Package.swift; sourceTree = "<group>"; };
		OBJ_9 /* CodeBuilder.swift */ = {isa = PBXFileReference; lastKnownFileType = sourcecode.swift; path = CodeBuilder.swift; sourceTree = "<group>"; };
/* End PBXFileReference section */

/* Begin PBXFrameworksBuildPhase section */
		OBJ_23 /* Frameworks */ = {
			isa = PBXFrameworksBuildPhase;
			buildActionMask = 0;
			files = (
				OBJ_24 /* CodeWriter.framework in Frameworks */,
			);
			runOnlyForDeploymentPostprocessing = 0;
		};
		OBJ_33 /* Frameworks */ = {
			isa = PBXFrameworksBuildPhase;
			buildActionMask = 0;
			files = (
			);
			runOnlyForDeploymentPostprocessing = 0;
		};
/* End PBXFrameworksBuildPhase section */

/* Begin PBXGroup section */
		OBJ_11 /* Tests */ = {
			isa = PBXGroup;
			children = (
				OBJ_12 /* CodeWriterTests */,
			);
			name = Tests;
			sourceTree = SOURCE_ROOT;
		};
		OBJ_12 /* CodeWriterTests */ = {
			isa = PBXGroup;
			children = (
				OBJ_13 /* CodeBuilderTests.swift */,
			);
			name = CodeWriterTests;
			path = Tests/CodeWriterTests;
			sourceTree = SOURCE_ROOT;
		};
		OBJ_14 /* Products */ = {
			isa = PBXGroup;
			children = (
				"CodeWriter::CodeWriterTests::Product" /* CodeWriterTests.xctest */,
				"CodeWriter::CodeWriter::Product" /* CodeWriter.framework */,
			);
			name = Products;
			sourceTree = BUILT_PRODUCTS_DIR;
		};
		OBJ_5 = {
			isa = PBXGroup;
			children = (
				OBJ_6 /* Package.swift */,
				OBJ_7 /* Sources */,
				OBJ_11 /* Tests */,
				OBJ_14 /* Products */,
			);
			sourceTree = "<group>";
		};
		OBJ_7 /* Sources */ = {
			isa = PBXGroup;
			children = (
				OBJ_8 /* CodeWriter */,
			);
			name = Sources;
			sourceTree = SOURCE_ROOT;
		};
		OBJ_8 /* CodeWriter */ = {
			isa = PBXGroup;
			children = (
				OBJ_9 /* CodeBuilder.swift */,
				OBJ_10 /* CodeWriter.swift */,
			);
			name = CodeWriter;
			path = Sources/CodeWriter;
			sourceTree = SOURCE_ROOT;
		};
/* End PBXGroup section */

/* Begin PBXNativeTarget section */
		"CodeWriter::CodeWriter" /* CodeWriter */ = {
			isa = PBXNativeTarget;
			buildConfigurationList = OBJ_27 /* Build configuration list for PBXNativeTarget "CodeWriter" */;
			buildPhases = (
				OBJ_30 /* Sources */,
				OBJ_33 /* Frameworks */,
				A33B2CA21FBA1396009A94FA /* Swiftlint */,
			);
			buildRules = (
			);
			dependencies = (
			);
			name = CodeWriter;
			productName = CodeWriter;
			productReference = "CodeWriter::CodeWriter::Product" /* CodeWriter.framework */;
			productType = "com.apple.product-type.framework";
		};
		"CodeWriter::CodeWriterTests" /* CodeWriterTests */ = {
			isa = PBXNativeTarget;
			buildConfigurationList = OBJ_18 /* Build configuration list for PBXNativeTarget "CodeWriterTests" */;
			buildPhases = (
				OBJ_21 /* Sources */,
				OBJ_23 /* Frameworks */,
			);
			buildRules = (
			);
			dependencies = (
				OBJ_25 /* PBXTargetDependency */,
			);
			name = CodeWriterTests;
			productName = CodeWriterTests;
			productReference = "CodeWriter::CodeWriterTests::Product" /* CodeWriterTests.xctest */;
			productType = "com.apple.product-type.bundle.unit-test";
		};
/* End PBXNativeTarget section */

/* Begin PBXProject section */
		OBJ_1 /* Project object */ = {
			isa = PBXProject;
			attributes = {
				LastUpgradeCheck = 9999;
			};
			buildConfigurationList = OBJ_2 /* Build configuration list for PBXProject "CodeWriter" */;
			compatibilityVersion = "Xcode 3.2";
			developmentRegion = English;
			hasScannedForEncodings = 0;
			knownRegions = (
				en,
			);
			mainGroup = OBJ_5;
			productRefGroup = OBJ_14 /* Products */;
			projectDirPath = "";
			projectRoot = "";
			targets = (
				"CodeWriter::CodeWriterTests" /* CodeWriterTests */,
				"CodeWriter::CodeWriter" /* CodeWriter */,
				"CodeWriter::CodeWriterPackageTests::ProductTarget" /* CodeWriterPackageTests */,
			);
		};
/* End PBXProject section */

/* Begin PBXShellScriptBuildPhase section */
		A33B2CA21FBA1396009A94FA /* Swiftlint */ = {
			isa = PBXShellScriptBuildPhase;
			buildActionMask = 2147483647;
			files = (
			);
			inputPaths = (
			);
			name = Swiftlint;
			outputPaths = (
			);
			runOnlyForDeploymentPostprocessing = 0;
			shellPath = /bin/sh;
			shellScript = "if which swiftlint >/dev/null; then\nswiftlint\nelse\necho \"warning: SwiftLint not installed, download from https://github.com/realm/SwiftLint\"\nfi";
		};
/* End PBXShellScriptBuildPhase section */

/* Begin PBXSourcesBuildPhase section */
		OBJ_21 /* Sources */ = {
			isa = PBXSourcesBuildPhase;
			buildActionMask = 0;
			files = (
				OBJ_22 /* CodeBuilderTests.swift in Sources */,
			);
			runOnlyForDeploymentPostprocessing = 0;
		};
		OBJ_30 /* Sources */ = {
			isa = PBXSourcesBuildPhase;
			buildActionMask = 0;
			files = (
				OBJ_31 /* CodeBuilder.swift in Sources */,
				OBJ_32 /* CodeWriter.swift in Sources */,
			);
			runOnlyForDeploymentPostprocessing = 0;
		};
/* End PBXSourcesBuildPhase section */

/* Begin PBXTargetDependency section */
		OBJ_25 /* PBXTargetDependency */ = {
			isa = PBXTargetDependency;
			target = "CodeWriter::CodeWriter" /* CodeWriter */;
			targetProxy = A3E0F7491F443F0500E4CD58 /* PBXContainerItemProxy */;
		};
		OBJ_38 /* PBXTargetDependency */ = {
			isa = PBXTargetDependency;
			target = "CodeWriter::CodeWriterTests" /* CodeWriterTests */;
			targetProxy = A3E0F74A1F443F0500E4CD58 /* PBXContainerItemProxy */;
		};
/* End PBXTargetDependency section */

/* Begin XCBuildConfiguration section */
		OBJ_19 /* Debug */ = {
			isa = XCBuildConfiguration;
			buildSettings = {
				EMBEDDED_CONTENT_CONTAINS_SWIFT = YES;
				FRAMEWORK_SEARCH_PATHS = (
					"$(inherited)",
					"$(PLATFORM_DIR)/Developer/Library/Frameworks",
				);
				HEADER_SEARCH_PATHS = "$(inherited)";
				INFOPLIST_FILE = CodeWriter.xcodeproj/CodeWriterTests_Info.plist;
				LD_RUNPATH_SEARCH_PATHS = "@loader_path/../Frameworks @loader_path/Frameworks";
				OTHER_LDFLAGS = "$(inherited)";
				OTHER_SWIFT_FLAGS = "$(inherited)";
				SWIFT_VERSION = 4.0;
				TARGET_NAME = CodeWriterTests;
			};
			name = Debug;
		};
		OBJ_20 /* Release */ = {
			isa = XCBuildConfiguration;
			buildSettings = {
				EMBEDDED_CONTENT_CONTAINS_SWIFT = YES;
				FRAMEWORK_SEARCH_PATHS = (
					"$(inherited)",
					"$(PLATFORM_DIR)/Developer/Library/Frameworks",
				);
				HEADER_SEARCH_PATHS = "$(inherited)";
				INFOPLIST_FILE = CodeWriter.xcodeproj/CodeWriterTests_Info.plist;
				LD_RUNPATH_SEARCH_PATHS = "@loader_path/../Frameworks @loader_path/Frameworks";
				OTHER_LDFLAGS = "$(inherited)";
				OTHER_SWIFT_FLAGS = "$(inherited)";
				SWIFT_VERSION = 4.0;
				TARGET_NAME = CodeWriterTests;
			};
			name = Release;
		};
		OBJ_28 /* Debug */ = {
			isa = XCBuildConfiguration;
			buildSettings = {
				ENABLE_TESTABILITY = YES;
				FRAMEWORK_SEARCH_PATHS = (
					"$(inherited)",
					"$(PLATFORM_DIR)/Developer/Library/Frameworks",
				);
				HEADER_SEARCH_PATHS = "$(inherited)";
				INFOPLIST_FILE = CodeWriter.xcodeproj/CodeWriter_Info.plist;
				LD_RUNPATH_SEARCH_PATHS = "$(TOOLCHAIN_DIR)/usr/lib/swift/macosx";
				OTHER_LDFLAGS = "$(inherited)";
				OTHER_SWIFT_FLAGS = "$(inherited)";
				PRODUCT_BUNDLE_IDENTIFIER = CodeWriter;
				PRODUCT_MODULE_NAME = "$(TARGET_NAME:c99extidentifier)";
				PRODUCT_NAME = "$(TARGET_NAME:c99extidentifier)";
				SKIP_INSTALL = YES;
				SWIFT_VERSION = 4.0;
				TARGET_NAME = CodeWriter;
			};
			name = Debug;
		};
		OBJ_29 /* Release */ = {
			isa = XCBuildConfiguration;
			buildSettings = {
				ENABLE_TESTABILITY = YES;
				FRAMEWORK_SEARCH_PATHS = (
					"$(inherited)",
					"$(PLATFORM_DIR)/Developer/Library/Frameworks",
				);
				HEADER_SEARCH_PATHS = "$(inherited)";
				INFOPLIST_FILE = CodeWriter.xcodeproj/CodeWriter_Info.plist;
				LD_RUNPATH_SEARCH_PATHS = "$(TOOLCHAIN_DIR)/usr/lib/swift/macosx";
				OTHER_LDFLAGS = "$(inherited)";
				OTHER_SWIFT_FLAGS = "$(inherited)";
				PRODUCT_BUNDLE_IDENTIFIER = CodeWriter;
				PRODUCT_MODULE_NAME = "$(TARGET_NAME:c99extidentifier)";
				PRODUCT_NAME = "$(TARGET_NAME:c99extidentifier)";
				SKIP_INSTALL = YES;
				SWIFT_VERSION = 4.0;
				TARGET_NAME = CodeWriter;
			};
			name = Release;
		};
		OBJ_3 /* Debug */ = {
			isa = XCBuildConfiguration;
			buildSettings = {
				CLANG_ENABLE_OBJC_ARC = YES;
				COMBINE_HIDPI_IMAGES = YES;
				COPY_PHASE_STRIP = NO;
				DEBUG_INFORMATION_FORMAT = dwarf;
				DYLIB_INSTALL_NAME_BASE = "@rpath";
				ENABLE_NS_ASSERTIONS = YES;
				GCC_OPTIMIZATION_LEVEL = 0;
				MACOSX_DEPLOYMENT_TARGET = 10.10;
				ONLY_ACTIVE_ARCH = YES;
				OTHER_SWIFT_FLAGS = "-DXcode";
				PRODUCT_NAME = "$(TARGET_NAME)";
				SDKROOT = macosx;
				SUPPORTED_PLATFORMS = "macosx iphoneos iphonesimulator appletvos appletvsimulator watchos watchsimulator";
				SWIFT_ACTIVE_COMPILATION_CONDITIONS = SWIFT_PACKAGE;
				SWIFT_OPTIMIZATION_LEVEL = "-Onone";
				USE_HEADERMAP = NO;
			};
			name = Debug;
		};
		OBJ_36 /* Debug */ = {
			isa = XCBuildConfiguration;
			buildSettings = {
			};
			name = Debug;
		};
		OBJ_37 /* Release */ = {
			isa = XCBuildConfiguration;
			buildSettings = {
			};
			name = Release;
		};
		OBJ_4 /* Release */ = {
			isa = XCBuildConfiguration;
			buildSettings = {
				CLANG_ENABLE_OBJC_ARC = YES;
				COMBINE_HIDPI_IMAGES = YES;
				COPY_PHASE_STRIP = YES;
				DEBUG_INFORMATION_FORMAT = "dwarf-with-dsym";
				DYLIB_INSTALL_NAME_BASE = "@rpath";
				GCC_OPTIMIZATION_LEVEL = s;
				MACOSX_DEPLOYMENT_TARGET = 10.10;
				OTHER_SWIFT_FLAGS = "-DXcode";
				PRODUCT_NAME = "$(TARGET_NAME)";
				SDKROOT = macosx;
				SUPPORTED_PLATFORMS = "macosx iphoneos iphonesimulator appletvos appletvsimulator watchos watchsimulator";
				SWIFT_ACTIVE_COMPILATION_CONDITIONS = SWIFT_PACKAGE;
				SWIFT_OPTIMIZATION_LEVEL = "-Owholemodule";
				USE_HEADERMAP = NO;
			};
			name = Release;
		};
/* End XCBuildConfiguration section */

/* Begin XCConfigurationList section */
		OBJ_18 /* Build configuration list for PBXNativeTarget "CodeWriterTests" */ = {
			isa = XCConfigurationList;
			buildConfigurations = (
				OBJ_19 /* Debug */,
				OBJ_20 /* Release */,
			);
			defaultConfigurationIsVisible = 0;
			defaultConfigurationName = Debug;
		};
		OBJ_2 /* Build configuration list for PBXProject "CodeWriter" */ = {
			isa = XCConfigurationList;
			buildConfigurations = (
				OBJ_3 /* Debug */,
				OBJ_4 /* Release */,
			);
			defaultConfigurationIsVisible = 0;
			defaultConfigurationName = Debug;
		};
		OBJ_27 /* Build configuration list for PBXNativeTarget "CodeWriter" */ = {
			isa = XCConfigurationList;
			buildConfigurations = (
				OBJ_28 /* Debug */,
				OBJ_29 /* Release */,
			);
			defaultConfigurationIsVisible = 0;
			defaultConfigurationName = Debug;
		};
		OBJ_35 /* Build configuration list for PBXAggregateTarget "CodeWriterPackageTests" */ = {
			isa = XCConfigurationList;
			buildConfigurations = (
				OBJ_36 /* Debug */,
				OBJ_37 /* Release */,
			);
			defaultConfigurationIsVisible = 0;
			defaultConfigurationName = Debug;
		};
/* End XCConfigurationList section */
	};
	rootObject = OBJ_1 /* Project object */;
}
